
Microsoft Visual Studio Solution File, Format Version 12.00
# Visual Studio Version 17
VisualStudioVersion = 17.5.33414.496
MinimumVisualStudioVersion = 10.0.40219.1
Project("{FAE04EC0-301F-11D3-BF4B-00C04F79EFBC}") = "rgb", "rgb\rgb.csproj", "{7C0CD768-76B6-44A0-A2D2-3C0EEBBD6A10}"
EndProject
Global
	GlobalSection(SolutionConfigurationPlatforms) = preSolution
		Debug|Any CPU = Debug|Any CPU
		Release|Any CPU = Release|Any CPU
	EndGlobalSection
	GlobalSection(ProjectConfigurationPlatforms) = postSolution
		{7C0CD768-76B6-44A0-A2D2-3C0EEBBD6A10}.Debug|Any CPU.ActiveCfg = Debug|Any CPU
		{7C0CD768-76B6-44A0-A2D2-3C0EEBBD6A10}.Debug|Any CPU.Build.0 = Debug|Any CPU
		{7C0CD768-76B6-44A0-A2D2-3C0EEBBD6A10}.Release|Any CPU.ActiveCfg = Release|Any CPU
		{7C0CD768-76B6-44A0-A2D2-3C0EEBBD6A10}.Release|Any CPU.Build.0 = Release|Any CPU
	EndGlobalSection
	GlobalSection(SolutionProperties) = preSolution
		HideSolutionNode = FALSE
	EndGlobalSection
	GlobalSection(ExtensibilityGlobals) = postSolution
		SolutionGuid = {C3C78F3C-3382-4F66-A6C8-307412EFEB65}
	EndGlobalSection
EndGlobal
